
Microsoft Visual Studio Solution File, Format Version 12.00
# Visual Studio Version 17
VisualStudioVersion = 17.3.32922.545
MinimumVisualStudioVersion = 10.0.40219.1
Project("{8BC9CEB8-8B4A-11D0-8D11-00A0C91BC942}") = "Matrix", "Matrix\Matrix.vcxproj", "{95E72B8D-8B94-4CE1-BA7F-7D6F8914BFFB}"
	ProjectSection(ProjectDependencies) = postProject
		{57C0DBBF-3099-48AC-BF4C-962220C433FE} = {57C0DBBF-3099-48AC-BF4C-962220C433FE}
	EndProjectSection
EndProject
Project("{8BC9CEB8-8B4A-11D0-8D11-00A0C91BC942}") = "TestCppUnit", "TestCppUnit\MatrixTest.vcxproj", "{63F3D32F-C7A4-4BAD-BE9F-A5B9EF96F082}"
	ProjectSection(ProjectDependencies) = postProject
		{447993A9-6D6D-401C-AE4E-B4B970945404} = {447993A9-6D6D-401C-AE4E-B4B970945404}
		{53E712BE-AD32-46AE-9D39-1BFE368697E5} = {53E712BE-AD32-46AE-9D39-1BFE368697E5}
		{57C0DBBF-3099-48AC-BF4C-962220C433FE} = {57C0DBBF-3099-48AC-BF4C-962220C433FE}
		{95E72B8D-8B94-4CE1-BA7F-7D6F8914BFFB} = {95E72B8D-8B94-4CE1-BA7F-7D6F8914BFFB}
		{C208270A-4A84-4159-B202-30E02C893A45} = {C208270A-4A84-4159-B202-30E02C893A45}
		{DA6E0C1A-9AA6-4F82-B404-12339A4DD026} = {DA6E0C1A-9AA6-4F82-B404-12339A4DD026}
	EndProjectSection
EndProject
Project("{8BC9CEB8-8B4A-11D0-8D11-00A0C91BC942}") = "Deshaker", "Deshaker\Deshaker.vcxproj", "{C208270A-4A84-4159-B202-30E02C893A45}"
	ProjectSection(ProjectDependencies) = postProject
		{447993A9-6D6D-401C-AE4E-B4B970945404} = {447993A9-6D6D-401C-AE4E-B4B970945404}
		{53E712BE-AD32-46AE-9D39-1BFE368697E5} = {53E712BE-AD32-46AE-9D39-1BFE368697E5}
		{57C0DBBF-3099-48AC-BF4C-962220C433FE} = {57C0DBBF-3099-48AC-BF4C-962220C433FE}
		{95E72B8D-8B94-4CE1-BA7F-7D6F8914BFFB} = {95E72B8D-8B94-4CE1-BA7F-7D6F8914BFFB}
	EndProjectSection
EndProject
Project("{8BC9CEB8-8B4A-11D0-8D11-00A0C91BC942}") = "CudaStuff", "CudaStuff\CudaClasses.vcxproj", "{53E712BE-AD32-46AE-9D39-1BFE368697E5}"
	ProjectSection(ProjectDependencies) = postProject
		{57C0DBBF-3099-48AC-BF4C-962220C433FE} = {57C0DBBF-3099-48AC-BF4C-962220C433FE}
		{95E72B8D-8B94-4CE1-BA7F-7D6F8914BFFB} = {95E72B8D-8B94-4CE1-BA7F-7D6F8914BFFB}
	EndProjectSection
EndProject
Project("{8BC9CEB8-8B4A-11D0-8D11-00A0C91BC942}") = "cuvista", "cuvistaCli\cuvista.vcxproj", "{DA6E0C1A-9AA6-4F82-B404-12339A4DD026}"
	ProjectSection(ProjectDependencies) = postProject
		{447993A9-6D6D-401C-AE4E-B4B970945404} = {447993A9-6D6D-401C-AE4E-B4B970945404}
		{53E712BE-AD32-46AE-9D39-1BFE368697E5} = {53E712BE-AD32-46AE-9D39-1BFE368697E5}
		{57C0DBBF-3099-48AC-BF4C-962220C433FE} = {57C0DBBF-3099-48AC-BF4C-962220C433FE}
		{95E72B8D-8B94-4CE1-BA7F-7D6F8914BFFB} = {95E72B8D-8B94-4CE1-BA7F-7D6F8914BFFB}
		{C208270A-4A84-4159-B202-30E02C893A45} = {C208270A-4A84-4159-B202-30E02C893A45}
	EndProjectSection
EndProject
Project("{8BC9CEB8-8B4A-11D0-8D11-00A0C91BC942}") = "cuvistaGui", "cuvistaGui\cuvistaGui.vcxproj", "{75F8E177-9BEA-4805-B43C-EF9CBE30A97B}"
	ProjectSection(ProjectDependencies) = postProject
		{447993A9-6D6D-401C-AE4E-B4B970945404} = {447993A9-6D6D-401C-AE4E-B4B970945404}
		{53E712BE-AD32-46AE-9D39-1BFE368697E5} = {53E712BE-AD32-46AE-9D39-1BFE368697E5}
		{57C0DBBF-3099-48AC-BF4C-962220C433FE} = {57C0DBBF-3099-48AC-BF4C-962220C433FE}
		{95E72B8D-8B94-4CE1-BA7F-7D6F8914BFFB} = {95E72B8D-8B94-4CE1-BA7F-7D6F8914BFFB}
		{C208270A-4A84-4159-B202-30E02C893A45} = {C208270A-4A84-4159-B202-30E02C893A45}
	EndProjectSection
EndProject
Project("{8BC9CEB8-8B4A-11D0-8D11-00A0C91BC942}") = "TestConsole", "TestConsole\TestConsole.vcxproj", "{E6E41A6A-2224-46DD-A916-2C393A205593}"
	ProjectSection(ProjectDependencies) = postProject
		{447993A9-6D6D-401C-AE4E-B4B970945404} = {447993A9-6D6D-401C-AE4E-B4B970945404}
		{53E712BE-AD32-46AE-9D39-1BFE368697E5} = {53E712BE-AD32-46AE-9D39-1BFE368697E5}
		{57C0DBBF-3099-48AC-BF4C-962220C433FE} = {57C0DBBF-3099-48AC-BF4C-962220C433FE}
		{95E72B8D-8B94-4CE1-BA7F-7D6F8914BFFB} = {95E72B8D-8B94-4CE1-BA7F-7D6F8914BFFB}
		{C208270A-4A84-4159-B202-30E02C893A45} = {C208270A-4A84-4159-B202-30E02C893A45}
	EndProjectSection
EndProject
Project("{2150E333-8FDC-42A3-9474-1A3956D46DE8}") = "Solution Items", "Solution Items", "{BA81BB6C-97F9-4729-BAC1-ADC0AEA3649B}"
	ProjectSection(SolutionItems) = preProject
		sampleData\01.mp4 = sampleData\01.mp4
		sampleData\02.mp4 = sampleData\02.mp4
		CMakeLists.txt = CMakeLists.txt
		docs\index.html = docs\index.html
		LICENSE.txt = LICENSE.txt
		Notes.md = Notes.md
		README.md = README.md
	EndProjectSection
EndProject
Project("{8BC9CEB8-8B4A-11D0-8D11-00A0C91BC942}") = "Common", "Common\Common.vcxproj", "{57C0DBBF-3099-48AC-BF4C-962220C433FE}"
EndProject
Project("{8BC9CEB8-8B4A-11D0-8D11-00A0C91BC942}") = "AvxStuff", "AvxStuff\AvxStuff.vcxproj", "{447993A9-6D6D-401C-AE4E-B4B970945404}"
	ProjectSection(ProjectDependencies) = postProject
		{53E712BE-AD32-46AE-9D39-1BFE368697E5} = {53E712BE-AD32-46AE-9D39-1BFE368697E5}
		{57C0DBBF-3099-48AC-BF4C-962220C433FE} = {57C0DBBF-3099-48AC-BF4C-962220C433FE}
		{95E72B8D-8B94-4CE1-BA7F-7D6F8914BFFB} = {95E72B8D-8B94-4CE1-BA7F-7D6F8914BFFB}
	EndProjectSection
EndProject
Project("{B7DD6F7E-DEF8-4E67-B5B7-07EF123DB6F0}") = "CuvistaInstaller", "CuvistaInstaller\CuvistaInstaller.wixproj", "{4742A3C5-F11B-4C47-A21D-1346F08535FB}"
	ProjectSection(ProjectDependencies) = postProject
		{75F8E177-9BEA-4805-B43C-EF9CBE30A97B} = {75F8E177-9BEA-4805-B43C-EF9CBE30A97B}
		{DA6E0C1A-9AA6-4F82-B404-12339A4DD026} = {DA6E0C1A-9AA6-4F82-B404-12339A4DD026}
	EndProjectSection
EndProject
Project("{8BC9CEB8-8B4A-11D0-8D11-00A0C91BC942}") = "TestRelease", "TestRelease\TestRelease.vcxproj", "{3091056E-2F17-4C9A-B862-6B9C0876FE97}"
	ProjectSection(ProjectDependencies) = postProject
		{DA6E0C1A-9AA6-4F82-B404-12339A4DD026} = {DA6E0C1A-9AA6-4F82-B404-12339A4DD026}
	EndProjectSection
EndProject
Global
	GlobalSection(SolutionConfigurationPlatforms) = preSolution
		Debug|Any CPU = Debug|Any CPU
		Debug|x64 = Debug|x64
		Debug|x86 = Debug|x86
		Release|Any CPU = Release|Any CPU
		Release|x64 = Release|x64
		Release|x86 = Release|x86
	EndGlobalSection
	GlobalSection(ProjectConfigurationPlatforms) = postSolution
		{95E72B8D-8B94-4CE1-BA7F-7D6F8914BFFB}.Debug|Any CPU.ActiveCfg = Debug|x64
		{95E72B8D-8B94-4CE1-BA7F-7D6F8914BFFB}.Debug|Any CPU.Build.0 = Debug|x64
		{95E72B8D-8B94-4CE1-BA7F-7D6F8914BFFB}.Debug|x64.ActiveCfg = Debug|x64
		{95E72B8D-8B94-4CE1-BA7F-7D6F8914BFFB}.Debug|x64.Build.0 = Debug|x64
		{95E72B8D-8B94-4CE1-BA7F-7D6F8914BFFB}.Debug|x86.ActiveCfg = Debug|x64
		{95E72B8D-8B94-4CE1-BA7F-7D6F8914BFFB}.Debug|x86.Build.0 = Debug|x64
		{95E72B8D-8B94-4CE1-BA7F-7D6F8914BFFB}.Release|Any CPU.ActiveCfg = Release|x64
		{95E72B8D-8B94-4CE1-BA7F-7D6F8914BFFB}.Release|Any CPU.Build.0 = Release|x64
		{95E72B8D-8B94-4CE1-BA7F-7D6F8914BFFB}.Release|x64.ActiveCfg = Release|x64
		{95E72B8D-8B94-4CE1-BA7F-7D6F8914BFFB}.Release|x64.Build.0 = Release|x64
		{95E72B8D-8B94-4CE1-BA7F-7D6F8914BFFB}.Release|x86.ActiveCfg = Release|x64
		{95E72B8D-8B94-4CE1-BA7F-7D6F8914BFFB}.Release|x86.Build.0 = Release|x64
		{63F3D32F-C7A4-4BAD-BE9F-A5B9EF96F082}.Debug|Any CPU.ActiveCfg = Debug|x64
		{63F3D32F-C7A4-4BAD-BE9F-A5B9EF96F082}.Debug|Any CPU.Build.0 = Debug|x64
		{63F3D32F-C7A4-4BAD-BE9F-A5B9EF96F082}.Debug|x64.ActiveCfg = Debug|x64
		{63F3D32F-C7A4-4BAD-BE9F-A5B9EF96F082}.Debug|x64.Build.0 = Debug|x64
		{63F3D32F-C7A4-4BAD-BE9F-A5B9EF96F082}.Debug|x86.ActiveCfg = Debug|x64
		{63F3D32F-C7A4-4BAD-BE9F-A5B9EF96F082}.Debug|x86.Build.0 = Debug|x64
		{63F3D32F-C7A4-4BAD-BE9F-A5B9EF96F082}.Release|Any CPU.ActiveCfg = Release|x64
		{63F3D32F-C7A4-4BAD-BE9F-A5B9EF96F082}.Release|Any CPU.Build.0 = Release|x64
		{63F3D32F-C7A4-4BAD-BE9F-A5B9EF96F082}.Release|x64.ActiveCfg = Release|x64
		{63F3D32F-C7A4-4BAD-BE9F-A5B9EF96F082}.Release|x64.Build.0 = Release|x64
		{63F3D32F-C7A4-4BAD-BE9F-A5B9EF96F082}.Release|x86.ActiveCfg = Release|x64
		{63F3D32F-C7A4-4BAD-BE9F-A5B9EF96F082}.Release|x86.Build.0 = Release|x64
		{C208270A-4A84-4159-B202-30E02C893A45}.Debug|Any CPU.ActiveCfg = Debug|x64
		{C208270A-4A84-4159-B202-30E02C893A45}.Debug|Any CPU.Build.0 = Debug|x64
		{C208270A-4A84-4159-B202-30E02C893A45}.Debug|x64.ActiveCfg = Debug|x64
		{C208270A-4A84-4159-B202-30E02C893A45}.Debug|x64.Build.0 = Debug|x64
		{C208270A-4A84-4159-B202-30E02C893A45}.Debug|x86.ActiveCfg = Debug|x64
		{C208270A-4A84-4159-B202-30E02C893A45}.Debug|x86.Build.0 = Debug|x64
		{C208270A-4A84-4159-B202-30E02C893A45}.Release|Any CPU.ActiveCfg = Release|x64
		{C208270A-4A84-4159-B202-30E02C893A45}.Release|Any CPU.Build.0 = Release|x64
		{C208270A-4A84-4159-B202-30E02C893A45}.Release|x64.ActiveCfg = Release|x64
		{C208270A-4A84-4159-B202-30E02C893A45}.Release|x64.Build.0 = Release|x64
		{C208270A-4A84-4159-B202-30E02C893A45}.Release|x86.ActiveCfg = Release|x64
		{C208270A-4A84-4159-B202-30E02C893A45}.Release|x86.Build.0 = Release|x64
		{53E712BE-AD32-46AE-9D39-1BFE368697E5}.Debug|Any CPU.ActiveCfg = Debug|x64
		{53E712BE-AD32-46AE-9D39-1BFE368697E5}.Debug|Any CPU.Build.0 = Debug|x64
		{53E712BE-AD32-46AE-9D39-1BFE368697E5}.Debug|x64.ActiveCfg = Debug|x64
		{53E712BE-AD32-46AE-9D39-1BFE368697E5}.Debug|x64.Build.0 = Debug|x64
		{53E712BE-AD32-46AE-9D39-1BFE368697E5}.Debug|x86.ActiveCfg = Debug|x64
		{53E712BE-AD32-46AE-9D39-1BFE368697E5}.Debug|x86.Build.0 = Debug|x64
		{53E712BE-AD32-46AE-9D39-1BFE368697E5}.Release|Any CPU.ActiveCfg = Release|x64
		{53E712BE-AD32-46AE-9D39-1BFE368697E5}.Release|Any CPU.Build.0 = Release|x64
		{53E712BE-AD32-46AE-9D39-1BFE368697E5}.Release|x64.ActiveCfg = Release|x64
		{53E712BE-AD32-46AE-9D39-1BFE368697E5}.Release|x64.Build.0 = Release|x64
		{53E712BE-AD32-46AE-9D39-1BFE368697E5}.Release|x86.ActiveCfg = Release|x64
		{53E712BE-AD32-46AE-9D39-1BFE368697E5}.Release|x86.Build.0 = Release|x64
		{DA6E0C1A-9AA6-4F82-B404-12339A4DD026}.Debug|Any CPU.ActiveCfg = Debug|x64
		{DA6E0C1A-9AA6-4F82-B404-12339A4DD026}.Debug|Any CPU.Build.0 = Debug|x64
		{DA6E0C1A-9AA6-4F82-B404-12339A4DD026}.Debug|x64.ActiveCfg = Debug|x64
		{DA6E0C1A-9AA6-4F82-B404-12339A4DD026}.Debug|x64.Build.0 = Debug|x64
		{DA6E0C1A-9AA6-4F82-B404-12339A4DD026}.Debug|x64.Deploy.0 = Debug|x64
		{DA6E0C1A-9AA6-4F82-B404-12339A4DD026}.Debug|x86.ActiveCfg = Debug|x64
		{DA6E0C1A-9AA6-4F82-B404-12339A4DD026}.Debug|x86.Build.0 = Debug|x64
		{DA6E0C1A-9AA6-4F82-B404-12339A4DD026}.Release|Any CPU.ActiveCfg = Release|x64
		{DA6E0C1A-9AA6-4F82-B404-12339A4DD026}.Release|Any CPU.Build.0 = Release|x64
		{DA6E0C1A-9AA6-4F82-B404-12339A4DD026}.Release|x64.ActiveCfg = Release|x64
		{DA6E0C1A-9AA6-4F82-B404-12339A4DD026}.Release|x64.Build.0 = Release|x64
		{DA6E0C1A-9AA6-4F82-B404-12339A4DD026}.Release|x86.ActiveCfg = Release|x64
		{DA6E0C1A-9AA6-4F82-B404-12339A4DD026}.Release|x86.Build.0 = Release|x64
		{75F8E177-9BEA-4805-B43C-EF9CBE30A97B}.Debug|Any CPU.ActiveCfg = Debug|x64
		{75F8E177-9BEA-4805-B43C-EF9CBE30A97B}.Debug|Any CPU.Build.0 = Debug|x64
		{75F8E177-9BEA-4805-B43C-EF9CBE30A97B}.Debug|x64.ActiveCfg = Debug|x64
		{75F8E177-9BEA-4805-B43C-EF9CBE30A97B}.Debug|x64.Build.0 = Debug|x64
		{75F8E177-9BEA-4805-B43C-EF9CBE30A97B}.Debug|x86.ActiveCfg = Debug|x64
		{75F8E177-9BEA-4805-B43C-EF9CBE30A97B}.Debug|x86.Build.0 = Debug|x64
		{75F8E177-9BEA-4805-B43C-EF9CBE30A97B}.Release|Any CPU.ActiveCfg = Release|x64
		{75F8E177-9BEA-4805-B43C-EF9CBE30A97B}.Release|Any CPU.Build.0 = Release|x64
		{75F8E177-9BEA-4805-B43C-EF9CBE30A97B}.Release|x64.ActiveCfg = Release|x64
		{75F8E177-9BEA-4805-B43C-EF9CBE30A97B}.Release|x64.Build.0 = Release|x64
		{75F8E177-9BEA-4805-B43C-EF9CBE30A97B}.Release|x86.ActiveCfg = Release|x64
		{75F8E177-9BEA-4805-B43C-EF9CBE30A97B}.Release|x86.Build.0 = Release|x64
		{E6E41A6A-2224-46DD-A916-2C393A205593}.Debug|Any CPU.ActiveCfg = Debug|x64
		{E6E41A6A-2224-46DD-A916-2C393A205593}.Debug|Any CPU.Build.0 = Debug|x64
		{E6E41A6A-2224-46DD-A916-2C393A205593}.Debug|x64.ActiveCfg = Debug|x64
		{E6E41A6A-2224-46DD-A916-2C393A205593}.Debug|x64.Build.0 = Debug|x64
		{E6E41A6A-2224-46DD-A916-2C393A205593}.Debug|x86.ActiveCfg = Debug|x64
		{E6E41A6A-2224-46DD-A916-2C393A205593}.Debug|x86.Build.0 = Debug|x64
		{E6E41A6A-2224-46DD-A916-2C393A205593}.Release|Any CPU.ActiveCfg = Release|x64
		{E6E41A6A-2224-46DD-A916-2C393A205593}.Release|Any CPU.Build.0 = Release|x64
		{E6E41A6A-2224-46DD-A916-2C393A205593}.Release|x64.ActiveCfg = Release|x64
		{E6E41A6A-2224-46DD-A916-2C393A205593}.Release|x64.Build.0 = Release|x64
		{E6E41A6A-2224-46DD-A916-2C393A205593}.Release|x86.ActiveCfg = Release|x64
		{E6E41A6A-2224-46DD-A916-2C393A205593}.Release|x86.Build.0 = Release|x64
		{57C0DBBF-3099-48AC-BF4C-962220C433FE}.Debug|Any CPU.ActiveCfg = Debug|x64
		{57C0DBBF-3099-48AC-BF4C-962220C433FE}.Debug|Any CPU.Build.0 = Debug|x64
		{57C0DBBF-3099-48AC-BF4C-962220C433FE}.Debug|x64.ActiveCfg = Debug|x64
		{57C0DBBF-3099-48AC-BF4C-962220C433FE}.Debug|x64.Build.0 = Debug|x64
		{57C0DBBF-3099-48AC-BF4C-962220C433FE}.Debug|x86.ActiveCfg = Debug|x64
		{57C0DBBF-3099-48AC-BF4C-962220C433FE}.Debug|x86.Build.0 = Debug|x64
		{57C0DBBF-3099-48AC-BF4C-962220C433FE}.Release|Any CPU.ActiveCfg = Release|x64
		{57C0DBBF-3099-48AC-BF4C-962220C433FE}.Release|Any CPU.Build.0 = Release|x64
		{57C0DBBF-3099-48AC-BF4C-962220C433FE}.Release|x64.ActiveCfg = Release|x64
		{57C0DBBF-3099-48AC-BF4C-962220C433FE}.Release|x64.Build.0 = Release|x64
		{57C0DBBF-3099-48AC-BF4C-962220C433FE}.Release|x86.ActiveCfg = Release|x64
		{57C0DBBF-3099-48AC-BF4C-962220C433FE}.Release|x86.Build.0 = Release|x64
		{447993A9-6D6D-401C-AE4E-B4B970945404}.Debug|Any CPU.ActiveCfg = Debug|x64
		{447993A9-6D6D-401C-AE4E-B4B970945404}.Debug|Any CPU.Build.0 = Debug|x64
		{447993A9-6D6D-401C-AE4E-B4B970945404}.Debug|x64.ActiveCfg = Debug|x64
		{447993A9-6D6D-401C-AE4E-B4B970945404}.Debug|x64.Build.0 = Debug|x64
		{447993A9-6D6D-401C-AE4E-B4B970945404}.Debug|x86.ActiveCfg = Debug|x64
		{447993A9-6D6D-401C-AE4E-B4B970945404}.Debug|x86.Build.0 = Debug|x64
		{447993A9-6D6D-401C-AE4E-B4B970945404}.Release|Any CPU.ActiveCfg = Release|x64
		{447993A9-6D6D-401C-AE4E-B4B970945404}.Release|Any CPU.Build.0 = Release|x64
		{447993A9-6D6D-401C-AE4E-B4B970945404}.Release|x64.ActiveCfg = Release|x64
		{447993A9-6D6D-401C-AE4E-B4B970945404}.Release|x64.Build.0 = Release|x64
		{447993A9-6D6D-401C-AE4E-B4B970945404}.Release|x86.ActiveCfg = Release|x64
		{447993A9-6D6D-401C-AE4E-B4B970945404}.Release|x86.Build.0 = Release|x64
		{4742A3C5-F11B-4C47-A21D-1346F08535FB}.Debug|Any CPU.ActiveCfg = Debug|x64
		{4742A3C5-F11B-4C47-A21D-1346F08535FB}.Debug|Any CPU.Build.0 = Debug|x64
		{4742A3C5-F11B-4C47-A21D-1346F08535FB}.Debug|x64.ActiveCfg = Debug|x64
		{4742A3C5-F11B-4C47-A21D-1346F08535FB}.Debug|x86.ActiveCfg = Debug|x86
		{4742A3C5-F11B-4C47-A21D-1346F08535FB}.Debug|x86.Build.0 = Debug|x86
		{4742A3C5-F11B-4C47-A21D-1346F08535FB}.Release|Any CPU.ActiveCfg = Release|x64
		{4742A3C5-F11B-4C47-A21D-1346F08535FB}.Release|Any CPU.Build.0 = Release|x64
		{4742A3C5-F11B-4C47-A21D-1346F08535FB}.Release|x64.ActiveCfg = Release|x64
		{4742A3C5-F11B-4C47-A21D-1346F08535FB}.Release|x86.ActiveCfg = Release|x86
		{4742A3C5-F11B-4C47-A21D-1346F08535FB}.Release|x86.Build.0 = Release|x86
		{3091056E-2F17-4C9A-B862-6B9C0876FE97}.Debug|Any CPU.ActiveCfg = Debug|x64
		{3091056E-2F17-4C9A-B862-6B9C0876FE97}.Debug|Any CPU.Build.0 = Debug|x64
		{3091056E-2F17-4C9A-B862-6B9C0876FE97}.Debug|x64.ActiveCfg = Debug|x64
		{3091056E-2F17-4C9A-B862-6B9C0876FE97}.Debug|x64.Build.0 = Debug|x64
		{3091056E-2F17-4C9A-B862-6B9C0876FE97}.Debug|x86.ActiveCfg = Debug|Win32
		{3091056E-2F17-4C9A-B862-6B9C0876FE97}.Debug|x86.Build.0 = Debug|Win32
		{3091056E-2F17-4C9A-B862-6B9C0876FE97}.Release|Any CPU.ActiveCfg = Release|x64
		{3091056E-2F17-4C9A-B862-6B9C0876FE97}.Release|Any CPU.Build.0 = Release|x64
		{3091056E-2F17-4C9A-B862-6B9C0876FE97}.Release|x64.ActiveCfg = Release|x64
		{3091056E-2F17-4C9A-B862-6B9C0876FE97}.Release|x64.Build.0 = Release|x64
		{3091056E-2F17-4C9A-B862-6B9C0876FE97}.Release|x86.ActiveCfg = Release|Win32
		{3091056E-2F17-4C9A-B862-6B9C0876FE97}.Release|x86.Build.0 = Release|Win32
	EndGlobalSection
	GlobalSection(SolutionProperties) = preSolution
		HideSolutionNode = FALSE
	EndGlobalSection
	GlobalSection(ExtensibilityGlobals) = postSolution
		SolutionGuid = {9202D26C-B424-460C-B050-44E53F21AE3D}
	EndGlobalSection
EndGlobal
