<?xml version="1.0" encoding="utf-8"?>
<Project ToolsVersion="4.0" xmlns="http://schemas.microsoft.com/developer/msbuild/2003">
  <ItemGroup>
    <Filter Include="Decomposition">
      <UniqueIdentifier>{6a2c4653-402e-4be1-9e43-512938a09353}</UniqueIdentifier>
    </Filter>
  </ItemGroup>
  <ItemGroup>
    <ClInclude Include="Affine2D.hpp" />
    <ClInclude Include="CholeskyDecompositor.hpp" />
    <ClInclude Include="CoreMat.hpp" />
    <ClInclude Include="Decompositor.hpp" />
    <ClInclude Include="LUDecompositor.hpp" />
    <ClInclude Include="Mat.hpp" />
    <ClInclude Include="MatIterator.hpp" />
    <ClInclude Include="MatInverter.hpp" />
    <ClInclude Include="OutputLine.hpp" />
    <ClInclude Include="QRDecompositor.hpp" />
    <ClInclude Include="QRDecompositorUD.hpp" />
    <ClInclude Include="SubMat.hpp" />
    <ClInclude Include="SVDecompositor.hpp" />
  </ItemGroup>
  <ItemGroup>
    <ClCompile Include="CoreMat.cpp" />
    <ClCompile Include="Affine2D.cpp" />
  </ItemGroup>
  <ItemGroup>
    <Text Include="CMakeLists.txt" />
  </ItemGroup>
</Project>