<?xml version="1.0" encoding="utf-8"?>
<Project ToolsVersion="4.0" xmlns="http://schemas.microsoft.com/developer/msbuild/2003">
  <ItemGroup>
    <ClCompile Include="CoreData.cpp" />
    <ClCompile Include="Util.cpp" />
    <ClCompile Include="Color.cpp" />
    <ClCompile Include="ImageHeaders.cpp" />
    <ClCompile Include="ThreadPoolBase.cpp" />
    <ClCompile Include="ErrorLogger.cpp" />
    <ClCompile Include="OutputOption.cpp" />
    <ClCompile Include="ImageClasses.cpp" />
    <ClCompile Include="ImagePixel.cpp" />
  </ItemGroup>
  <ItemGroup>
    <ClInclude Include="CoreData.hpp" />
    <ClInclude Include="DeviceInfoBase.hpp" />
    <ClInclude Include="ErrorLogger.hpp" />
    <ClInclude Include="Util.hpp" />
    <ClInclude Include="CharMap.hpp" />
    <ClInclude Include="Color.hpp" />
    <ClInclude Include="ImageHeaders.hpp" />
    <ClInclude Include="ThreadPoolBase.h" />
    <ClInclude Include="FrameExecutor.hpp" />
    <ClInclude Include="OutputOption.hpp" />
    <ClInclude Include="ImageClasses.hpp" />
    <ClInclude Include="ImageInterface.hpp" />
    <ClInclude Include="ImageStore.hpp" />
    <ClInclude Include="ImageType.hpp" />
    <ClInclude Include="ImageColor.hpp" />
    <ClInclude Include="ImageBase.hpp" />
    <ClInclude Include="BaseData.hpp" />
  </ItemGroup>
  <ItemGroup>
    <Text Include="CMakeLists.txt" />
  </ItemGroup>
</Project>