<?xml version="1.0" encoding="utf-8"?>
<Project ToolsVersion="4.0" xmlns="http://schemas.microsoft.com/developer/msbuild/2003">
  <ItemGroup>
    <Filter Include="Writer">
      <UniqueIdentifier>{1cbc62aa-b188-48d3-9a3f-0e930b68bb05}</UniqueIdentifier>
    </Filter>
    <Filter Include="Reader">
      <UniqueIdentifier>{64542282-22e3-4559-a495-0abcc57f304c}</UniqueIdentifier>
    </Filter>
    <Filter Include="Util">
      <UniqueIdentifier>{67DA6AB6-F800-4c08-8B7A-83BB121AAD01}</UniqueIdentifier>
      <Extensions>rc;ico;cur;bmp;dlg;rc2;rct;bin;rgs;gif;jpg;jpeg;jpe;resx;tiff;tif;png;wav;mfcribbon-ms</Extensions>
    </Filter>
    <Filter Include="Transformation">
      <UniqueIdentifier>{84877083-2551-472a-8754-6351e48e1bb9}</UniqueIdentifier>
    </Filter>
    <Filter Include="Main">
      <UniqueIdentifier>{4FC737F1-C7A5-4376-A066-2A32D752A2FF}</UniqueIdentifier>
      <Extensions>cpp;c;cc;cxx;c++;def;odl;idl;hpj;bat;asm;asmx</Extensions>
    </Filter>
    <Filter Include="OpenCl">
      <UniqueIdentifier>{59937616-6b83-49c5-8d11-783acb855396}</UniqueIdentifier>
    </Filter>
    <Filter Include="Frame">
      <UniqueIdentifier>{ec8b31a3-908b-47a3-b139-3be3c03485f0}</UniqueIdentifier>
    </Filter>
    <Filter Include="System">
      <UniqueIdentifier>{2278ac54-40d8-4ab9-ae67-c408b892321e}</UniqueIdentifier>
    </Filter>
  </ItemGroup>
  <ItemGroup>
    <ClCompile Include="ProgressDisplay.cpp">
      <Filter>Main</Filter>
    </ClCompile>
    <ClCompile Include="FFmpegWriter.cpp">
      <Filter>Writer</Filter>
    </ClCompile>
    <ClCompile Include="MovieReader.cpp">
      <Filter>Reader</Filter>
    </ClCompile>
    <ClCompile Include="NvEncoder.cpp">
      <Filter>Writer</Filter>
    </ClCompile>
    <ClCompile Include="MovieWriter.cpp">
      <Filter>Writer</Filter>
    </ClCompile>
    <ClCompile Include="AffineTransform.cpp">
      <Filter>Transformation</Filter>
    </ClCompile>
    <ClCompile Include="Trajectory.cpp">
      <Filter>Transformation</Filter>
    </ClCompile>
    <ClCompile Include="FFmpegUtil.cpp">
      <Filter>Util</Filter>
    </ClCompile>
    <ClCompile Include="RandomSource.cpp">
      <Filter>Transformation</Filter>
    </ClCompile>
    <ClCompile Include="ProgressDisplayConsole.cpp">
      <Filter>Main</Filter>
    </ClCompile>
    <ClCompile Include="CudaWriter.cpp">
      <Filter>Writer</Filter>
    </ClCompile>
    <ClCompile Include="NvidiaDriver.cpp">
      <Filter>Util</Filter>
    </ClCompile>
    <ClCompile Include="FFmpegFormatWriter.cpp">
      <Filter>Writer</Filter>
    </ClCompile>
    <ClCompile Include="KeyboardInput.cpp">
      <Filter>System</Filter>
    </ClCompile>
    <ClCompile Include="Deshaker.cpp">
      <Filter>Main</Filter>
    </ClCompile>
    <ClCompile Include="clTest.cpp">
      <Filter>OpenCl</Filter>
    </ClCompile>
    <ClCompile Include="clMain.cpp">
      <Filter>OpenCl</Filter>
    </ClCompile>
    <ClCompile Include="clFunctions.cpp">
      <Filter>OpenCl</Filter>
    </ClCompile>
    <ClCompile Include="MovieFrame.cpp">
      <Filter>Frame</Filter>
    </ClCompile>
    <ClCompile Include="CpuFrame.cpp">
      <Filter>Frame</Filter>
    </ClCompile>
    <ClCompile Include="DeviceInfo.cpp">
      <Filter>Util</Filter>
    </ClCompile>
    <ClCompile Include="StackedWriter.cpp">
      <Filter>Writer</Filter>
    </ClCompile>
    <ClCompile Include="MainData.cpp">
      <Filter>Main</Filter>
    </ClCompile>
    <ClCompile Include="Stats.cpp">
      <Filter>Main</Filter>
    </ClCompile>
    <ClCompile Include="FrameResult.cpp">
      <Filter>Transformation</Filter>
    </ClCompile>
    <ClCompile Include="PipeWriter.cpp">
      <Filter>System</Filter>
    </ClCompile>
    <ClCompile Include="ThreadPool.cpp">
      <Filter>Util</Filter>
    </ClCompile>
    <ClCompile Include="MatrixInverter.cpp">
      <Filter>Util</Filter>
    </ClCompile>
    <ClCompile Include="SelfTest.cpp">
      <Filter>Util</Filter>
    </ClCompile>
    <ClCompile Include="CudaFrame.cpp">
      <Filter>Frame</Filter>
    </ClCompile>
    <ClCompile Include="DummyFrame.cpp">
      <Filter>Frame</Filter>
    </ClCompile>
  </ItemGroup>
  <ItemGroup>
    <ClInclude Include="MovieReader.hpp">
      <Filter>Reader</Filter>
    </ClInclude>
    <ClInclude Include="NvEncoder.hpp">
      <Filter>Writer</Filter>
    </ClInclude>
    <ClInclude Include="DeshakerHelpText.hpp">
      <Filter>Util</Filter>
    </ClInclude>
    <ClInclude Include="AVException.hpp">
      <Filter>Util</Filter>
    </ClInclude>
    <ClInclude Include="Trajectory.hpp">
      <Filter>Transformation</Filter>
    </ClInclude>
    <ClInclude Include="KeyboardInput.hpp">
      <Filter>Util</Filter>
    </ClInclude>
    <ClInclude Include="Stats.hpp">
      <Filter>Main</Filter>
    </ClInclude>
    <ClInclude Include="RandomSource.hpp">
      <Filter>Transformation</Filter>
    </ClInclude>
    <ClInclude Include="UserInput.hpp">
      <Filter>Main</Filter>
    </ClInclude>
    <ClInclude Include="UserInputConsole.hpp">
      <Filter>Main</Filter>
    </ClInclude>
    <ClInclude Include="ProgressDisplay.hpp">
      <Filter>Main</Filter>
    </ClInclude>
    <ClInclude Include="ProgressDisplayConsole.hpp">
      <Filter>Main</Filter>
    </ClInclude>
    <ClInclude Include="NvidiaDriver.hpp">
      <Filter>Util</Filter>
    </ClInclude>
    <ClInclude Include="Deshaker.hpp">
      <Filter>Main</Filter>
    </ClInclude>
    <ClInclude Include="clTest.hpp">
      <Filter>OpenCl</Filter>
    </ClInclude>
    <ClInclude Include="clKernels.hpp">
      <Filter>OpenCl</Filter>
    </ClInclude>
    <ClInclude Include="clMain.hpp">
      <Filter>OpenCl</Filter>
    </ClInclude>
    <ClInclude Include="clHeaders.hpp">
      <Filter>OpenCl</Filter>
    </ClInclude>
    <ClInclude Include="clFunctions.hpp">
      <Filter>OpenCl</Filter>
    </ClInclude>
    <ClInclude Include="clKernelCompute.hpp">
      <Filter>OpenCl</Filter>
    </ClInclude>
    <ClInclude Include="CpuFrame.hpp">
      <Filter>Frame</Filter>
    </ClInclude>
    <ClInclude Include="CudaWriter.hpp">
      <Filter>Writer</Filter>
    </ClInclude>
    <ClInclude Include="FrameResult.hpp">
      <Filter>Transformation</Filter>
    </ClInclude>
    <ClInclude Include="AffineTransform.hpp">
      <Filter>Transformation</Filter>
    </ClInclude>
    <ClInclude Include="ThreadPool.hpp">
      <Filter>Util</Filter>
    </ClInclude>
    <ClInclude Include="MovieWriter.hpp">
      <Filter>Writer</Filter>
    </ClInclude>
    <ClInclude Include="MatrixInverter.hpp">
      <Filter>Util</Filter>
    </ClInclude>
    <ClInclude Include="MovieFrame.hpp">
      <Filter>Frame</Filter>
    </ClInclude>
    <ClInclude Include="ProgressBase.hpp">
      <Filter>Main</Filter>
    </ClInclude>
    <ClInclude Include="FFmpegUtil.hpp">
      <Filter>Util</Filter>
    </ClInclude>
    <ClInclude Include="SelfTest.hpp">
      <Filter>Util</Filter>
    </ClInclude>
    <ClInclude Include="Version.hpp">
      <Filter>Main</Filter>
    </ClInclude>
    <ClInclude Include="SelfTestData.hpp">
      <Filter>Util</Filter>
    </ClInclude>
    <ClInclude Include="MainData.hpp">
      <Filter>Main</Filter>
    </ClInclude>
    <ClInclude Include="DeviceInfo.hpp">
      <Filter>Util</Filter>
    </ClInclude>
    <ClInclude Include="CudaFrame.hpp">
      <Filter>Frame</Filter>
    </ClInclude>
    <ClInclude Include="DummyFrame.hpp">
      <Filter>Frame</Filter>
    </ClInclude>
  </ItemGroup>
  <ItemGroup>
    <Text Include="CMakeLists.txt" />
  </ItemGroup>
</Project>